{
  "name": "encryption",
  "version": "1.0.0",
  "lockfileVersion": 2,
  "requires": true,
  "packages": {
    "": {
      "name": "encryption",
      "version": "1.0.0",
      "license": "ISC",
      "devDependencies": {
        "serverless-plugin-warmup": "^5.0.0"
      }
    },
    "node_modules/serverless-plugin-warmup": {
      "version": "5.3.1",
      "resolved": "https://registry.npmjs.org/serverless-plugin-warmup/-/serverless-plugin-warmup-5.3.1.tgz",
      "integrity": "sha512-+nY6VCTLf/VjwkwAudtCXE/neaYSKy+9NmnYTSL0y8ZGfKB6u9Hrh9J2vqYEcam6eQFnCAEsch9iTs/dbU2vGg==",
      "dev": true
    }
  },
  "dependencies": {
    "serverless-plugin-warmup": {
      "version": "5.3.1",
      "resolved": "https://registry.npmjs.org/serverless-plugin-warmup/-/serverless-plugin-warmup-5.3.1.tgz",
      "integrity": "sha512-+nY6VCTLf/VjwkwAudtCXE/neaYSKy+9NmnYTSL0y8ZGfKB6u9Hrh9J2vqYEcam6eQFnCAEsch9iTs/dbU2vGg==",
      "dev": true
    }
  }
}
